
Microsoft Visual Studio Solution File, Format Version 12.00
# Visual Studio Version 17
VisualStudioVersion = 17.9.34723.18
MinimumVisualStudioVersion = 10.0.40219.1
Project("{FAE04EC0-301F-11D3-BF4B-00C04F79EFBC}") = "P2_renshu6", "P2_renshu6\P2_renshu6.csproj", "{53B6171B-A330-47C9-8741-225C23E7F972}"
EndProject
Global
	GlobalSection(SolutionConfigurationPlatforms) = preSolution
		Debug|Any CPU = Debug|Any CPU
		Release|Any CPU = Release|Any CPU
	EndGlobalSection
	GlobalSection(ProjectConfigurationPlatforms) = postSolution
		{53B6171B-A330-47C9-8741-225C23E7F972}.Debug|Any CPU.ActiveCfg = Debug|Any CPU
		{53B6171B-A330-47C9-8741-225C23E7F972}.Debug|Any CPU.Build.0 = Debug|Any CPU
		{53B6171B-A330-47C9-8741-225C23E7F972}.Release|Any CPU.ActiveCfg = Release|Any CPU
		{53B6171B-A330-47C9-8741-225C23E7F972}.Release|Any CPU.Build.0 = Release|Any CPU
	EndGlobalSection
	GlobalSection(SolutionProperties) = preSolution
		HideSolutionNode = FALSE
	EndGlobalSection
	GlobalSection(ExtensibilityGlobals) = postSolution
		SolutionGuid = {8AC41614-9319-4A7F-9E6C-5AA044A9BB43}
	EndGlobalSection
EndGlobal
